
Microsoft Visual Studio Solution File, Format Version 12.00
Project("{FAE04EC0-301F-11D3-BF4B-00C04F79EFBC}") = "Authorization", "Authorization\Authorization.csproj", "{133C0314-528B-4918-9418-67BD5B19D34F}"
EndProject
Project("{FAE04EC0-301F-11D3-BF4B-00C04F79EFBC}") = "User", "User\User.csproj", "{1353059B-7CCD-4173-B4FD-F770CE69DD77}"
EndProject
Project("{FAE04EC0-301F-11D3-BF4B-00C04F79EFBC}") = "AuthorizationTests", "AuthorizationTests\AuthorizationTests.csproj", "{B4759504-EBE1-4DA3-BA90-7E378F47086A}"
EndProject
Project("{FAE04EC0-301F-11D3-BF4B-00C04F79EFBC}") = "Core", "Core\Core.csproj", "{DA4A6137-6450-471C-87A8-5EB49A7D1E7D}"
EndProject
Global
	GlobalSection(SolutionConfigurationPlatforms) = preSolution
		Debug|Any CPU = Debug|Any CPU
		Release|Any CPU = Release|Any CPU
	EndGlobalSection
	GlobalSection(ProjectConfigurationPlatforms) = postSolution
		{133C0314-528B-4918-9418-67BD5B19D34F}.Debug|Any CPU.ActiveCfg = Debug|Any CPU
		{133C0314-528B-4918-9418-67BD5B19D34F}.Debug|Any CPU.Build.0 = Debug|Any CPU
		{133C0314-528B-4918-9418-67BD5B19D34F}.Release|Any CPU.ActiveCfg = Release|Any CPU
		{133C0314-528B-4918-9418-67BD5B19D34F}.Release|Any CPU.Build.0 = Release|Any CPU
		{1353059B-7CCD-4173-B4FD-F770CE69DD77}.Debug|Any CPU.ActiveCfg = Debug|Any CPU
		{1353059B-7CCD-4173-B4FD-F770CE69DD77}.Debug|Any CPU.Build.0 = Debug|Any CPU
		{1353059B-7CCD-4173-B4FD-F770CE69DD77}.Release|Any CPU.ActiveCfg = Release|Any CPU
		{1353059B-7CCD-4173-B4FD-F770CE69DD77}.Release|Any CPU.Build.0 = Release|Any CPU
		{B4759504-EBE1-4DA3-BA90-7E378F47086A}.Debug|Any CPU.ActiveCfg = Debug|Any CPU
		{B4759504-EBE1-4DA3-BA90-7E378F47086A}.Debug|Any CPU.Build.0 = Debug|Any CPU
		{B4759504-EBE1-4DA3-BA90-7E378F47086A}.Release|Any CPU.ActiveCfg = Release|Any CPU
		{B4759504-EBE1-4DA3-BA90-7E378F47086A}.Release|Any CPU.Build.0 = Release|Any CPU
		{DA4A6137-6450-471C-87A8-5EB49A7D1E7D}.Debug|Any CPU.ActiveCfg = Debug|Any CPU
		{DA4A6137-6450-471C-87A8-5EB49A7D1E7D}.Debug|Any CPU.Build.0 = Debug|Any CPU
		{DA4A6137-6450-471C-87A8-5EB49A7D1E7D}.Release|Any CPU.ActiveCfg = Release|Any CPU
		{DA4A6137-6450-471C-87A8-5EB49A7D1E7D}.Release|Any CPU.Build.0 = Release|Any CPU
	EndGlobalSection
EndGlobal
